// !$*UTF8*$!
{
	archiveVersion = 1;
	classes = {
	};
	objectVersion = 50;
	objects = {

/* Begin PBXBuildFile section */
		A12C821D26DC75B3006409E5 /* AppDelegate.swift in Sources */ = {isa = PBXBuildFile; fileRef = A12C821C26DC75B3006409E5 /* AppDelegate.swift */; };
		A12E42B726D9F99F00DF4FED /* SceneDelegate.swift in Sources */ = {isa = PBXBuildFile; fileRef = A12E42B626D9F99F00DF4FED /* SceneDelegate.swift */; };
		A12E42B926D9F99F00DF4FED /* ViewController.swift in Sources */ = {isa = PBXBuildFile; fileRef = A12E42B826D9F99F00DF4FED /* ViewController.swift */; };
		A12E42BC26D9F99F00DF4FED /* Main.storyboard in Resources */ = {isa = PBXBuildFile; fileRef = A12E42BA26D9F99F00DF4FED /* Main.storyboard */; };
		A12E42BF26D9F99F00DF4FED /* MovieHub.xcdatamodeld in Sources */ = {isa = PBXBuildFile; fileRef = A12E42BD26D9F99F00DF4FED /* MovieHub.xcdatamodeld */; };
		A12E42C126D9F9AC00DF4FED /* Assets.xcassets in Resources */ = {isa = PBXBuildFile; fileRef = A12E42C026D9F9AC00DF4FED /* Assets.xcassets */; };
		A12E42C426D9F9AC00DF4FED /* LaunchScreen.storyboard in Resources */ = {isa = PBXBuildFile; fileRef = A12E42C226D9F9AC00DF4FED /* LaunchScreen.storyboard */; };
		A140D39C26DC6B1E00DFBA3C /* CoreData.swift in Sources */ = {isa = PBXBuildFile; fileRef = A140D39B26DC6B1E00DFBA3C /* CoreData.swift */; };
/* End PBXBuildFile section */

/* Begin PBXFileReference section */
		A12C821C26DC75B3006409E5 /* AppDelegate.swift */ = {isa = PBXFileReference; lastKnownFileType = sourcecode.swift; path = AppDelegate.swift; sourceTree = "<group>"; };
		A12E42B126D9F99F00DF4FED /* MovieHub.app */ = {isa = PBXFileReference; explicitFileType = wrapper.application; includeInIndex = 0; path = MovieHub.app; sourceTree = BUILT_PRODUCTS_DIR; };
		A12E42B626D9F99F00DF4FED /* SceneDelegate.swift */ = {isa = PBXFileReference; lastKnownFileType = sourcecode.swift; path = SceneDelegate.swift; sourceTree = "<group>"; };
		A12E42B826D9F99F00DF4FED /* ViewController.swift */ = {isa = PBXFileReference; lastKnownFileType = sourcecode.swift; path = ViewController.swift; sourceTree = "<group>"; };
		A12E42BB26D9F99F00DF4FED /* Base */ = {isa = PBXFileReference; lastKnownFileType = file.storyboard; name = Base; path = Base.lproj/Main.storyboard; sourceTree = "<group>"; };
		A12E42BE26D9F99F00DF4FED /* MovieHub.xcdatamodel */ = {isa = PBXFileReference; lastKnownFileType = wrapper.xcdatamodel; path = MovieHub.xcdatamodel; sourceTree = "<group>"; };
		A12E42C026D9F9AC00DF4FED /* Assets.xcassets */ = {isa = PBXFileReference; lastKnownFileType = folder.assetcatalog; path = Assets.xcassets; sourceTree = "<group>"; };
		A12E42C326D9F9AC00DF4FED /* Base */ = {isa = PBXFileReference; lastKnownFileType = file.storyboard; name = Base; path = Base.lproj/LaunchScreen.storyboard; sourceTree = "<group>"; };
		A12E42C526D9F9AC00DF4FED /* Info.plist */ = {isa = PBXFileReference; lastKnownFileType = text.plist.xml; path = Info.plist; sourceTree = "<group>"; };
		A140D39B26DC6B1E00DFBA3C /* CoreData.swift */ = {isa = PBXFileReference; lastKnownFileType = sourcecode.swift; path = CoreData.swift; sourceTree = "<group>"; };
/* End PBXFileReference section */

/* Begin PBXFrameworksBuildPhase section */
		A12E42AE26D9F99F00DF4FED /* Frameworks */ = {
			isa = PBXFrameworksBuildPhase;
			buildActionMask = 2147483647;
			files = (
			);
			runOnlyForDeploymentPostprocessing = 0;
		};
/* End PBXFrameworksBuildPhase section */

/* Begin PBXGroup section */
		A12E42A826D9F99F00DF4FED = {
			isa = PBXGroup;
			children = (
				A12E42B326D9F99F00DF4FED /* MovieHub */,
				A12E42B226D9F99F00DF4FED /* Products */,
			);
			sourceTree = "<group>";
		};
		A12E42B226D9F99F00DF4FED /* Products */ = {
			isa = PBXGroup;
			children = (
				A12E42B126D9F99F00DF4FED /* MovieHub.app */,
			);
			name = Products;
			sourceTree = "<group>";
		};
		A12E42B326D9F99F00DF4FED /* MovieHub */ = {
			isa = PBXGroup;
			children = (
				A12E42B626D9F99F00DF4FED /* SceneDelegate.swift */,
				A12E42B826D9F99F00DF4FED /* ViewController.swift */,
				A12E42BA26D9F99F00DF4FED /* Main.storyboard */,
				A12E42C026D9F9AC00DF4FED /* Assets.xcassets */,
				A12E42C226D9F9AC00DF4FED /* LaunchScreen.storyboard */,
				A12E42C526D9F9AC00DF4FED /* Info.plist */,
				A12E42BD26D9F99F00DF4FED /* MovieHub.xcdatamodeld */,
				A140D39B26DC6B1E00DFBA3C /* CoreData.swift */,
				A12C821C26DC75B3006409E5 /* AppDelegate.swift */,
			);
			path = MovieHub;
			sourceTree = "<group>";
		};
/* End PBXGroup section */

/* Begin PBXNativeTarget section */
		A12E42B026D9F99F00DF4FED /* MovieHub */ = {
			isa = PBXNativeTarget;
			buildConfigurationList = A12E42C826D9F9AD00DF4FED /* Build configuration list for PBXNativeTarget "MovieHub" */;
			buildPhases = (
				A12E42AD26D9F99F00DF4FED /* Sources */,
				A12E42AE26D9F99F00DF4FED /* Frameworks */,
				A12E42AF26D9F99F00DF4FED /* Resources */,
			);
			buildRules = (
			);
			dependencies = (
			);
			name = MovieHub;
			productName = MovieHub;
			productReference = A12E42B126D9F99F00DF4FED /* MovieHub.app */;
			productType = "com.apple.product-type.application";
		};
/* End PBXNativeTarget section */

/* Begin PBXProject section */
		A12E42A926D9F99F00DF4FED /* Project object */ = {
			isa = PBXProject;
			attributes = {
				LastSwiftUpdateCheck = 1240;
				LastUpgradeCheck = 1240;
				TargetAttributes = {
					A12E42B026D9F99F00DF4FED = {
						CreatedOnToolsVersion = 12.4;
					};
				};
			};
			buildConfigurationList = A12E42AC26D9F99F00DF4FED /* Build configuration list for PBXProject "MovieHub" */;
			compatibilityVersion = "Xcode 9.3";
			developmentRegion = en;
			hasScannedForEncodings = 0;
			knownRegions = (
				en,
				Base,
			);
			mainGroup = A12E42A826D9F99F00DF4FED;
			productRefGroup = A12E42B226D9F99F00DF4FED /* Products */;
			projectDirPath = "";
			projectRoot = "";
			targets = (
				A12E42B026D9F99F00DF4FED /* MovieHub */,
			);
		};
/* End PBXProject section */

/* Begin PBXResourcesBuildPhase section */
		A12E42AF26D9F99F00DF4FED /* Resources */ = {
			isa = PBXResourcesBuildPhase;
			buildActionMask = 2147483647;
			files = (
				A12E42C426D9F9AC00DF4FED /* LaunchScreen.storyboard in Resources */,
				A12E42C126D9F9AC00DF4FED /* Assets.xcassets in Resources */,
				A12E42BC26D9F99F00DF4FED /* Main.storyboard in Resources */,
			);
			runOnlyForDeploymentPostprocessing = 0;
		};
/* End PBXResourcesBuildPhase section */

/* Begin PBXSourcesBuildPhase section */
		A12E42AD26D9F99F00DF4FED /* Sources */ = {
			isa = PBXSourcesBuildPhase;
			buildActionMask = 2147483647;
			files = (
				A12E42BF26D9F99F00DF4FED /* MovieHub.xcdatamodeld in Sources */,
				A12E42B926D9F99F00DF4FED /* ViewController.swift in Sources */,
				A12E42B726D9F99F00DF4FED /* SceneDelegate.swift in Sources */,
				A12C821D26DC75B3006409E5 /* AppDelegate.swift in Sources */,
				A140D39C26DC6B1E00DFBA3C /* CoreData.swift in Sources */,
			);
			runOnlyForDeploymentPostprocessing = 0;
		};
/* End PBXSourcesBuildPhase section */

/* Begin PBXVariantGroup section */
		A12E42BA26D9F99F00DF4FED /* Main.storyboard */ = {
			isa = PBXVariantGroup;
			children = (
				A12E42BB26D9F99F00DF4FED /* Base */,
			);
			name = Main.storyboard;
			sourceTree = "<group>";
		};
		A12E42C226D9F9AC00DF4FED /* LaunchScreen.storyboard */ = {
			isa = PBXVariantGroup;
			children = (
				A12E42C326D9F9AC00DF4FED /* Base */,
			);
			name = LaunchScreen.storyboard;
			sourceTree = "<group>";
		};
/* End PBXVariantGroup section */

/* Begin XCBuildConfiguration section */
		A12E42C626D9F9AC00DF4FED /* Debug */ = {
			isa = XCBuildConfiguration;
			buildSettings = {
				ALWAYS_SEARCH_USER_PATHS = NO;
				CLANG_ANALYZER_NONNULL = YES;
				CLANG_ANALYZER_NUMBER_OBJECT_CONVERSION = YES_AGGRESSIVE;
				CLANG_CXX_LANGUAGE_STANDARD = "gnu++14";
				CLANG_CXX_LIBRARY = "libc++";
				CLANG_ENABLE_MODULES = YES;
				CLANG_ENABLE_OBJC_ARC = YES;
				CLANG_ENABLE_OBJC_WEAK = YES;
				CLANG_WARN_BLOCK_CAPTURE_AUTORELEASING = YES;
				CLANG_WARN_BOOL_CONVERSION = YES;
				CLANG_WARN_COMMA = YES;
				CLANG_WARN_CONSTANT_CONVERSION = YES;
				CLANG_WARN_DEPRECATED_OBJC_IMPLEMENTATIONS = YES;
				CLANG_WARN_DIRECT_OBJC_ISA_USAGE = YES_ERROR;
				CLANG_WARN_DOCUMENTATION_COMMENTS = YES;
				CLANG_WARN_EMPTY_BODY = YES;
				CLANG_WARN_ENUM_CONVERSION = YES;
				CLANG_WARN_INFINITE_RECURSION = YES;
				CLANG_WARN_INT_CONVERSION = YES;
				CLANG_WARN_NON_LITERAL_NULL_CONVERSION = YES;
				CLANG_WARN_OBJC_IMPLICIT_RETAIN_SELF = YES;
				CLANG_WARN_OBJC_LITERAL_CONVERSION = YES;
				CLANG_WARN_OBJC_ROOT_CLASS = YES_ERROR;
				CLANG_WARN_QUOTED_INCLUDE_IN_FRAMEWORK_HEADER = YES;
				CLANG_WARN_RANGE_LOOP_ANALYSIS = YES;
				CLANG_WARN_STRICT_PROTOTYPES = YES;
				CLANG_WARN_SUSPICIOUS_MOVE = YES;
				CLANG_WARN_UNGUARDED_AVAILABILITY = YES_AGGRESSIVE;
				CLANG_WARN_UNREACHABLE_CODE = YES;
				CLANG_WARN__DUPLICATE_METHOD_MATCH = YES;
				COPY_PHASE_STRIP = NO;
				DEBUG_INFORMATION_FORMAT = dwarf;
				ENABLE_STRICT_OBJC_MSGSEND = YES;
				ENABLE_TESTABILITY = YES;
				GCC_C_LANGUAGE_STANDARD = gnu11;
				GCC_DYNAMIC_NO_PIC = NO;
				GCC_NO_COMMON_BLOCKS = YES;
				GCC_OPTIMIZATION_LEVEL = 0;
				GCC_PREPROCESSOR_DEFINITIONS = (
					"DEBUG=1",
					"$(inherited)",
				);
				GCC_WARN_64_TO_32_BIT_CONVERSION = YES;
				GCC_WARN_ABOUT_RETURN_TYPE = YES_ERROR;
				GCC_WARN_UNDECLARED_SELECTOR = YES;
				GCC_WARN_UNINITIALIZED_AUTOS = YES_AGGRESSIVE;
				GCC_WARN_UNUSED_FUNCTION = YES;
				GCC_WARN_UNUSED_VARIABLE = YES;
				IPHONEOS_DEPLOYMENT_TARGET = 14.4;
				MTL_ENABLE_DEBUG_INFO = INCLUDE_SOURCE;
				MTL_FAST_MATH = YES;
				ONLY_ACTIVE_ARCH = YES;
				SDKROOT = iphoneos;
				SWIFT_ACTIVE_COMPILATION_CONDITIONS = DEBUG;
				SWIFT_OPTIMIZATION_LEVEL = "-Onone";
			};
			name = Debug;
		};
		A12E42C726D9F9AC00DF4FED /* Release */ = {
			isa = XCBuildConfiguration;
			buildSettings = {
				ALWAYS_SEARCH_USER_PATHS = NO;
				CLANG_ANALYZER_NONNULL = YES;
				CLANG_ANALYZER_NUMBER_OBJECT_CONVERSION = YES_AGGRESSIVE;
				CLANG_CXX_LANGUAGE_STANDARD = "gnu++14";
				CLANG_CXX_LIBRARY = "libc++";
				CLANG_ENABLE_MODULES = YES;
				CLANG_ENABLE_OBJC_ARC = YES;
				CLANG_ENABLE_OBJC_WEAK = YES;
				CLANG_WARN_BLOCK_CAPTURE_AUTORELEASING = YES;
				CLANG_WARN_BOOL_CONVERSION = YES;
				CLANG_WARN_COMMA = YES;
				CLANG_WARN_CONSTANT_CONVERSION = YES;
				CLANG_WARN_DEPRECATED_OBJC_IMPLEMENTATIONS = YES;
				CLANG_WARN_DIRECT_OBJC_ISA_USAGE = YES_ERROR;
				CLANG_WARN_DOCUMENTATION_COMMENTS = YES;
				CLANG_WARN_EMPTY_BODY = YES;
				CLANG_WARN_ENUM_CONVERSION = YES;
				CLANG_WARN_INFINITE_RECURSION = YES;
				CLANG_WARN_INT_CONVERSION = YES;
				CLANG_WARN_NON_LITERAL_NULL_CONVERSION = YES;
				CLANG_WARN_OBJC_IMPLICIT_RETAIN_SELF = YES;
				CLANG_WARN_OBJC_LITERAL_CONVERSION = YES;
				CLANG_WARN_OBJC_ROOT_CLASS = YES_ERROR;
				CLANG_WARN_QUOTED_INCLUDE_IN_FRAMEWORK_HEADER = YES;
				CLANG_WARN_RANGE_LOOP_ANALYSIS = YES;
				CLANG_WARN_STRICT_PROTOTYPES = YES;
				CLANG_WARN_SUSPICIOUS_MOVE = YES;
				CLANG_WARN_UNGUARDED_AVAILABILITY = YES_AGGRESSIVE;
				CLANG_WARN_UNREACHABLE_CODE = YES;
				CLANG_WARN__DUPLICATE_METHOD_MATCH = YES;
				COPY_PHASE_STRIP = NO;
				DEBUG_INFORMATION_FORMAT = "dwarf-with-dsym";
				ENABLE_NS_ASSERTIONS = NO;
				ENABLE_STRICT_OBJC_MSGSEND = YES;
				GCC_C_LANGUAGE_STANDARD = gnu11;
				GCC_NO_COMMON_BLOCKS = YES;
				GCC_WARN_64_TO_32_BIT_CONVERSION = YES;
				GCC_WARN_ABOUT_RETURN_TYPE = YES_ERROR;
				GCC_WARN_UNDECLARED_SELECTOR = YES;
				GCC_WARN_UNINITIALIZED_AUTOS = YES_AGGRESSIVE;
				GCC_WARN_UNUSED_FUNCTION = YES;
				GCC_WARN_UNUSED_VARIABLE = YES;
				IPHONEOS_DEPLOYMENT_TARGET = 14.4;
				MTL_ENABLE_DEBUG_INFO = NO;
				MTL_FAST_MATH = YES;
				SDKROOT = iphoneos;
				SWIFT_COMPILATION_MODE = wholemodule;
				SWIFT_OPTIMIZATION_LEVEL = "-O";
				VALIDATE_PRODUCT = YES;
			};
			name = Release;
		};
		A12E42C926D9F9AD00DF4FED /* Debug */ = {
			isa = XCBuildConfiguration;
			buildSettings = {
				ASSETCATALOG_COMPILER_APPICON_NAME = AppIcon;
				ASSETCATALOG_COMPILER_GLOBAL_ACCENT_COLOR_NAME = AccentColor;
				CODE_SIGN_STYLE = Automatic;
				INFOPLIST_FILE = MovieHub/Info.plist;
				LD_RUNPATH_SEARCH_PATHS = (
					"$(inherited)",
					"@executable_path/Frameworks",
				);
				PRODUCT_BUNDLE_IDENTIFIER = com.linh.MovieHub;
				PRODUCT_NAME = "$(TARGET_NAME)";
				SWIFT_VERSION = 5.0;
				TARGETED_DEVICE_FAMILY = "1,2";
			};
			name = Debug;
		};
		A12E42CA26D9F9AD00DF4FED /* Release */ = {
			isa = XCBuildConfiguration;
			buildSettings = {
				ASSETCATALOG_COMPILER_APPICON_NAME = AppIcon;
				ASSETCATALOG_COMPILER_GLOBAL_ACCENT_COLOR_NAME = AccentColor;
				CODE_SIGN_STYLE = Automatic;
				INFOPLIST_FILE = MovieHub/Info.plist;
				LD_RUNPATH_SEARCH_PATHS = (
					"$(inherited)",
					"@executable_path/Frameworks",
				);
				PRODUCT_BUNDLE_IDENTIFIER = com.linh.MovieHub;
				PRODUCT_NAME = "$(TARGET_NAME)";
				SWIFT_VERSION = 5.0;
				TARGETED_DEVICE_FAMILY = "1,2";
			};
			name = Release;
		};
/* End XCBuildConfiguration section */

/* Begin XCConfigurationList section */
		A12E42AC26D9F99F00DF4FED /* Build configuration list for PBXProject "MovieHub" */ = {
			isa = XCConfigurationList;
			buildConfigurations = (
				A12E42C626D9F9AC00DF4FED /* Debug */,
				A12E42C726D9F9AC00DF4FED /* Release */,
			);
			defaultConfigurationIsVisible = 0;
			defaultConfigurationName = Release;
		};
		A12E42C826D9F9AD00DF4FED /* Build configuration list for PBXNativeTarget "MovieHub" */ = {
			isa = XCConfigurationList;
			buildConfigurations = (
				A12E42C926D9F9AD00DF4FED /* Debug */,
				A12E42CA26D9F9AD00DF4FED /* Release */,
			);
			defaultConfigurationIsVisible = 0;
			defaultConfigurationName = Release;
		};
/* End XCConfigurationList section */

/* Begin XCVersionGroup section */
		A12E42BD26D9F99F00DF4FED /* MovieHub.xcdatamodeld */ = {
			isa = XCVersionGroup;
			children = (
				A12E42BE26D9F99F00DF4FED /* MovieHub.xcdatamodel */,
			);
			currentVersion = A12E42BE26D9F99F00DF4FED /* MovieHub.xcdatamodel */;
			path = MovieHub.xcdatamodeld;
			sourceTree = "<group>";
			versionGroupType = wrapper.xcdatamodel;
		};
/* End XCVersionGroup section */
	};
	rootObject = A12E42A926D9F99F00DF4FED /* Project object */;
}
